// !$*UTF8*$!
{
	archiveVersion = 1;
	classes = {
	};
	objectVersion = 46;
	objects = {

/* Begin PBXBuildFile section */
		16381B111865A55F0042CD41 /* AudioToolbox.framework in Frameworks */ = {isa = PBXBuildFile; fileRef = 16381B101865A55F0042CD41 /* AudioToolbox.framework */; };
		16381B131865A5980042CD41 /* CoreMotion.framework in Frameworks */ = {isa = PBXBuildFile; fileRef = 16381B121865A5980042CD41 /* CoreMotion.framework */; };
		5F441C7E1867CA7B002C501E /* icon2.png in Resources */ = {isa = PBXBuildFile; fileRef = 5F441C7D1867CA7B002C501E /* icon2.png */; };
		5F441C801867CA7D002C501E /* icon_retina2.png in Resources */ = {isa = PBXBuildFile; fileRef = 5F441C7F1867CA7D002C501E /* icon_retina2.png */; };
		5F58D7E01867614F0010232C /* basic.mp3 in Resources */ = {isa = PBXBuildFile; fileRef = 5F58D7DD1867614F0010232C /* basic.mp3 */; };
		5F58D7E11867614F0010232C /* panda.mp3 in Resources */ = {isa = PBXBuildFile; fileRef = 5F58D7DE1867614F0010232C /* panda.mp3 */; };
		5F58D7E21867614F0010232C /* roman.mp3 in Resources */ = {isa = PBXBuildFile; fileRef = 5F58D7DF1867614F0010232C /* roman.mp3 */; };
		5F58D7F01867C67D0010232C /* iSorobanViewController.m in Sources */ = {isa = PBXBuildFile; fileRef = 5F58D7EF1867C67D0010232C /* iSorobanViewController.m */; };
		5F58D7F21867C6AD0010232C /* iSorobanAppDelegate.m in Sources */ = {isa = PBXBuildFile; fileRef = 5F58D7F11867C6AD0010232C /* iSorobanAppDelegate.m */; };
		5F96B29F1864336D0061EE79 /* Bead1.png in Resources */ = {isa = PBXBuildFile; fileRef = 5F96B29D1864336D0061EE79 /* Bead1.png */; };
		5F96B2A01864336D0061EE79 /* Plate1.png in Resources */ = {isa = PBXBuildFile; fileRef = 5F96B29E1864336D0061EE79 /* Plate1.png */; };
		5F987F6F1864247C00E7918F /* UIKit.framework in Frameworks */ = {isa = PBXBuildFile; fileRef = 5F987F6E1864247C00E7918F /* UIKit.framework */; };
		5F987F711864247C00E7918F /* Foundation.framework in Frameworks */ = {isa = PBXBuildFile; fileRef = 5F987F701864247C00E7918F /* Foundation.framework */; };
		5F987F731864247C00E7918F /* CoreGraphics.framework in Frameworks */ = {isa = PBXBuildFile; fileRef = 5F987F721864247C00E7918F /* CoreGraphics.framework */; };
		5F987F791864247C00E7918F /* InfoPlist.strings in Resources */ = {isa = PBXBuildFile; fileRef = 5F987F771864247C00E7918F /* InfoPlist.strings */; };
		5F987F7B1864247C00E7918F /* main.m in Sources */ = {isa = PBXBuildFile; fileRef = 5F987F7A1864247C00E7918F /* main.m */; };
		5F987F811864247C00E7918F /* Default.png in Resources */ = {isa = PBXBuildFile; fileRef = 5F987F801864247C00E7918F /* Default.png */; };
		5F987F831864247C00E7918F /* Default@2x.png in Resources */ = {isa = PBXBuildFile; fileRef = 5F987F821864247C00E7918F /* Default@2x.png */; };
		5F987F851864247C00E7918F /* Default-568h@2x.png in Resources */ = {isa = PBXBuildFile; fileRef = 5F987F841864247C00E7918F /* Default-568h@2x.png */; };
		5F987F881864247C00E7918F /* MainStoryboard.storyboard in Resources */ = {isa = PBXBuildFile; fileRef = 5F987F861864247C00E7918F /* MainStoryboard.storyboard */; };
		F20AA67F1867D11900E3E31F /* Bead4.png in Resources */ = {isa = PBXBuildFile; fileRef = F20AA67D1867D11900E3E31F /* Bead4.png */; };
		F20AA6801867D11900E3E31F /* Plate4.png in Resources */ = {isa = PBXBuildFile; fileRef = F20AA67E1867D11900E3E31F /* Plate4.png */; };
		F280D02918673D1B003D8C71 /* Bead2.png in Resources */ = {isa = PBXBuildFile; fileRef = F280D02518673D1B003D8C71 /* Bead2.png */; };
		F280D02A18673D1B003D8C71 /* Bead3.png in Resources */ = {isa = PBXBuildFile; fileRef = F280D02618673D1B003D8C71 /* Bead3.png */; };
		F280D02B18673D1B003D8C71 /* Plate2.png in Resources */ = {isa = PBXBuildFile; fileRef = F280D02718673D1B003D8C71 /* Plate2.png */; };
		F280D02C18673D1B003D8C71 /* Plate3.png in Resources */ = {isa = PBXBuildFile; fileRef = F280D02818673D1B003D8C71 /* Plate3.png */; };
/* End PBXBuildFile section */

/* Begin PBXFileReference section */
		16381B101865A55F0042CD41 /* AudioToolbox.framework */ = {isa = PBXFileReference; lastKnownFileType = wrapper.framework; name = AudioToolbox.framework; path = System/Library/Frameworks/AudioToolbox.framework; sourceTree = SDKROOT; };
		16381B121865A5980042CD41 /* CoreMotion.framework */ = {isa = PBXFileReference; lastKnownFileType = wrapper.framework; name = CoreMotion.framework; path = System/Library/Frameworks/CoreMotion.framework; sourceTree = SDKROOT; };
		5F441C7D1867CA7B002C501E /* icon2.png */ = {isa = PBXFileReference; lastKnownFileType = image.png; path = icon2.png; sourceTree = "<group>"; };
		5F441C7F1867CA7D002C501E /* icon_retina2.png */ = {isa = PBXFileReference; lastKnownFileType = image.png; path = icon_retina2.png; sourceTree = "<group>"; };
		5F58D7DD1867614F0010232C /* basic.mp3 */ = {isa = PBXFileReference; lastKnownFileType = audio.mp3; path = basic.mp3; sourceTree = "<group>"; };
		5F58D7DE1867614F0010232C /* panda.mp3 */ = {isa = PBXFileReference; lastKnownFileType = audio.mp3; path = panda.mp3; sourceTree = "<group>"; };
		5F58D7DF1867614F0010232C /* roman.mp3 */ = {isa = PBXFileReference; lastKnownFileType = audio.mp3; path = roman.mp3; sourceTree = "<group>"; };
		5F58D7EF1867C67D0010232C /* iSorobanViewController.m */ = {isa = PBXFileReference; fileEncoding = 4; lastKnownFileType = sourcecode.c.objc; path = iSorobanViewController.m; sourceTree = "<group>"; };
		5F58D7F11867C6AD0010232C /* iSorobanAppDelegate.m */ = {isa = PBXFileReference; fileEncoding = 4; lastKnownFileType = sourcecode.c.objc; path = iSorobanAppDelegate.m; sourceTree = "<group>"; };
		5F96B29D1864336D0061EE79 /* Bead1.png */ = {isa = PBXFileReference; lastKnownFileType = image.png; name = Bead1.png; path = Images/Bead1.png; sourceTree = "<group>"; };
		5F96B29E1864336D0061EE79 /* Plate1.png */ = {isa = PBXFileReference; lastKnownFileType = image.png; name = Plate1.png; path = Images/Plate1.png; sourceTree = "<group>"; };
		5F987F6B1864247C00E7918F /* iSoroban.app */ = {isa = PBXFileReference; explicitFileType = wrapper.application; includeInIndex = 0; path = iSoroban.app; sourceTree = BUILT_PRODUCTS_DIR; };
		5F987F6E1864247C00E7918F /* UIKit.framework */ = {isa = PBXFileReference; lastKnownFileType = wrapper.framework; name = UIKit.framework; path = System/Library/Frameworks/UIKit.framework; sourceTree = SDKROOT; };
		5F987F701864247C00E7918F /* Foundation.framework */ = {isa = PBXFileReference; lastKnownFileType = wrapper.framework; name = Foundation.framework; path = System/Library/Frameworks/Foundation.framework; sourceTree = SDKROOT; };
		5F987F721864247C00E7918F /* CoreGraphics.framework */ = {isa = PBXFileReference; lastKnownFileType = wrapper.framework; name = CoreGraphics.framework; path = System/Library/Frameworks/CoreGraphics.framework; sourceTree = SDKROOT; };
		5F987F761864247C00E7918F /* iSoroban-Info.plist */ = {isa = PBXFileReference; lastKnownFileType = text.plist.xml; path = "iSoroban-Info.plist"; sourceTree = "<group>"; };
		5F987F781864247C00E7918F /* en */ = {isa = PBXFileReference; lastKnownFileType = text.plist.strings; name = en; path = en.lproj/InfoPlist.strings; sourceTree = "<group>"; };
		5F987F7A1864247C00E7918F /* main.m */ = {isa = PBXFileReference; lastKnownFileType = sourcecode.c.objc; path = main.m; sourceTree = "<group>"; };
		5F987F7C1864247C00E7918F /* iSoroban-Prefix.pch */ = {isa = PBXFileReference; lastKnownFileType = sourcecode.c.h; path = "iSoroban-Prefix.pch"; sourceTree = "<group>"; };
		5F987F7D1864247C00E7918F /* iSorobanAppDelegate.h */ = {isa = PBXFileReference; lastKnownFileType = sourcecode.c.h; path = iSorobanAppDelegate.h; sourceTree = "<group>"; };
		5F987F801864247C00E7918F /* Default.png */ = {isa = PBXFileReference; lastKnownFileType = image.png; path = Default.png; sourceTree = "<group>"; };
		5F987F821864247C00E7918F /* Default@2x.png */ = {isa = PBXFileReference; lastKnownFileType = image.png; path = "Default@2x.png"; sourceTree = "<group>"; };
		5F987F841864247C00E7918F /* Default-568h@2x.png */ = {isa = PBXFileReference; lastKnownFileType = image.png; path = "Default-568h@2x.png"; sourceTree = "<group>"; };
		5F987F871864247C00E7918F /* en */ = {isa = PBXFileReference; lastKnownFileType = file.storyboard; name = en; path = en.lproj/MainStoryboard.storyboard; sourceTree = "<group>"; };
		5F987F891864247C00E7918F /* iSorobanViewController.h */ = {isa = PBXFileReference; lastKnownFileType = sourcecode.c.h; path = iSorobanViewController.h; sourceTree = "<group>"; };
		F20AA67D1867D11900E3E31F /* Bead4.png */ = {isa = PBXFileReference; lastKnownFileType = image.png; name = Bead4.png; path = Images/Bead4.png; sourceTree = "<group>"; };
		F20AA67E1867D11900E3E31F /* Plate4.png */ = {isa = PBXFileReference; lastKnownFileType = image.png; name = Plate4.png; path = Images/Plate4.png; sourceTree = "<group>"; };
		F280D02518673D1B003D8C71 /* Bead2.png */ = {isa = PBXFileReference; lastKnownFileType = image.png; name = Bead2.png; path = Images/Bead2.png; sourceTree = "<group>"; };
		F280D02618673D1B003D8C71 /* Bead3.png */ = {isa = PBXFileReference; lastKnownFileType = image.png; name = Bead3.png; path = Images/Bead3.png; sourceTree = "<group>"; };
		F280D02718673D1B003D8C71 /* Plate2.png */ = {isa = PBXFileReference; lastKnownFileType = image.png; name = Plate2.png; path = Images/Plate2.png; sourceTree = "<group>"; };
		F280D02818673D1B003D8C71 /* Plate3.png */ = {isa = PBXFileReference; lastKnownFileType = image.png; name = Plate3.png; path = Images/Plate3.png; sourceTree = "<group>"; };
/* End PBXFileReference section */

/* Begin PBXFrameworksBuildPhase section */
		5F987F681864247C00E7918F /* Frameworks */ = {
			isa = PBXFrameworksBuildPhase;
			buildActionMask = 2147483647;
			files = (
				16381B131865A5980042CD41 /* CoreMotion.framework in Frameworks */,
				16381B111865A55F0042CD41 /* AudioToolbox.framework in Frameworks */,
				5F987F6F1864247C00E7918F /* UIKit.framework in Frameworks */,
				5F987F711864247C00E7918F /* Foundation.framework in Frameworks */,
				5F987F731864247C00E7918F /* CoreGraphics.framework in Frameworks */,
			);
			runOnlyForDeploymentPostprocessing = 0;
		};
/* End PBXFrameworksBuildPhase section */

/* Begin PBXGroup section */
		5F58D7E31867615C0010232C /* Sound Effect */ = {
			isa = PBXGroup;
			children = (
				5F58D7DD1867614F0010232C /* basic.mp3 */,
				5F58D7DE1867614F0010232C /* panda.mp3 */,
				5F58D7DF1867614F0010232C /* roman.mp3 */,
			);
			name = "Sound Effect";
			sourceTree = "<group>";
		};
		5F987F621864247C00E7918F = {
			isa = PBXGroup;
			children = (
				5F441C7F1867CA7D002C501E /* icon_retina2.png */,
				5F441C7D1867CA7B002C501E /* icon2.png */,
				5F987F741864247C00E7918F /* iSoroban */,
				5F987F6D1864247C00E7918F /* Frameworks */,
				5F987F6C1864247C00E7918F /* Products */,
			);
			sourceTree = "<group>";
		};
		5F987F6C1864247C00E7918F /* Products */ = {
			isa = PBXGroup;
			children = (
				5F987F6B1864247C00E7918F /* iSoroban.app */,
			);
			name = Products;
			sourceTree = "<group>";
		};
		5F987F6D1864247C00E7918F /* Frameworks */ = {
			isa = PBXGroup;
			children = (
				16381B121865A5980042CD41 /* CoreMotion.framework */,
				16381B101865A55F0042CD41 /* AudioToolbox.framework */,
				5F987F6E1864247C00E7918F /* UIKit.framework */,
				5F987F701864247C00E7918F /* Foundation.framework */,
				5F987F721864247C00E7918F /* CoreGraphics.framework */,
			);
			name = Frameworks;
			sourceTree = "<group>";
		};
		5F987F741864247C00E7918F /* iSoroban */ = {
			isa = PBXGroup;
			children = (
				5F987F861864247C00E7918F /* MainStoryboard.storyboard */,
				5F987F891864247C00E7918F /* iSorobanViewController.h */,
				5F58D7EF1867C67D0010232C /* iSorobanViewController.m */,
				5F58D7E31867615C0010232C /* Sound Effect */,
				5F987F9A18642F3C00E7918F /* Images */,
				5F987F751864247C00E7918F /* Supporting Files */,
			);
			path = iSoroban;
			sourceTree = "<group>";
		};
		5F987F751864247C00E7918F /* Supporting Files */ = {
			isa = PBXGroup;
			children = (
				5F987F7D1864247C00E7918F /* iSorobanAppDelegate.h */,
				5F58D7F11867C6AD0010232C /* iSorobanAppDelegate.m */,
				5F987F761864247C00E7918F /* iSoroban-Info.plist */,
				5F987F771864247C00E7918F /* InfoPlist.strings */,
				5F987F7A1864247C00E7918F /* main.m */,
				5F987F7C1864247C00E7918F /* iSoroban-Prefix.pch */,
				5F987F801864247C00E7918F /* Default.png */,
				5F987F821864247C00E7918F /* Default@2x.png */,
				5F987F841864247C00E7918F /* Default-568h@2x.png */,
			);
			name = "Supporting Files";
			sourceTree = "<group>";
		};
		5F987F9A18642F3C00E7918F /* Images */ = {
			isa = PBXGroup;
			children = (
				F20AA67D1867D11900E3E31F /* Bead4.png */,
				F20AA67E1867D11900E3E31F /* Plate4.png */,
				F280D02518673D1B003D8C71 /* Bead2.png */,
				F280D02618673D1B003D8C71 /* Bead3.png */,
				F280D02718673D1B003D8C71 /* Plate2.png */,
				F280D02818673D1B003D8C71 /* Plate3.png */,
				5F96B29D1864336D0061EE79 /* Bead1.png */,
				5F96B29E1864336D0061EE79 /* Plate1.png */,
			);
			name = Images;
			sourceTree = "<group>";
		};
/* End PBXGroup section */

/* Begin PBXNativeTarget section */
		5F987F6A1864247C00E7918F /* iSoroban */ = {
			isa = PBXNativeTarget;
			buildConfigurationList = 5F987F8E1864247C00E7918F /* Build configuration list for PBXNativeTarget "iSoroban" */;
			buildPhases = (
				5F987F671864247C00E7918F /* Sources */,
				5F987F681864247C00E7918F /* Frameworks */,
				5F987F691864247C00E7918F /* Resources */,
			);
			buildRules = (
			);
			dependencies = (
			);
			name = iSoroban;
			productName = iSoroban;
			productReference = 5F987F6B1864247C00E7918F /* iSoroban.app */;
			productType = "com.apple.product-type.application";
		};
/* End PBXNativeTarget section */

/* Begin PBXProject section */
		5F987F631864247C00E7918F /* Project object */ = {
			isa = PBXProject;
			attributes = {
				CLASSPREFIX = iSoroban;
				LastUpgradeCheck = 0460;
				ORGANIZATIONNAME = "Sit King Lok";
			};
			buildConfigurationList = 5F987F661864247C00E7918F /* Build configuration list for PBXProject "iSoroban" */;
			compatibilityVersion = "Xcode 3.2";
			developmentRegion = English;
			hasScannedForEncodings = 0;
			knownRegions = (
				en,
			);
			mainGroup = 5F987F621864247C00E7918F;
			productRefGroup = 5F987F6C1864247C00E7918F /* Products */;
			projectDirPath = "";
			projectRoot = "";
			targets = (
				5F987F6A1864247C00E7918F /* iSoroban */,
			);
		};
/* End PBXProject section */

/* Begin PBXResourcesBuildPhase section */
		5F987F691864247C00E7918F /* Resources */ = {
			isa = PBXResourcesBuildPhase;
			buildActionMask = 2147483647;
			files = (
				5F987F791864247C00E7918F /* InfoPlist.strings in Resources */,
				5F987F811864247C00E7918F /* Default.png in Resources */,
				5F987F831864247C00E7918F /* Default@2x.png in Resources */,
				5F987F851864247C00E7918F /* Default-568h@2x.png in Resources */,
				5F987F881864247C00E7918F /* MainStoryboard.storyboard in Resources */,
				5F96B29F1864336D0061EE79 /* Bead1.png in Resources */,
				5F96B2A01864336D0061EE79 /* Plate1.png in Resources */,
				F280D02918673D1B003D8C71 /* Bead2.png in Resources */,
				F280D02A18673D1B003D8C71 /* Bead3.png in Resources */,
				F280D02B18673D1B003D8C71 /* Plate2.png in Resources */,
				F280D02C18673D1B003D8C71 /* Plate3.png in Resources */,
				5F58D7E01867614F0010232C /* basic.mp3 in Resources */,
				5F58D7E11867614F0010232C /* panda.mp3 in Resources */,
				5F58D7E21867614F0010232C /* roman.mp3 in Resources */,
				5F441C7E1867CA7B002C501E /* icon2.png in Resources */,
				5F441C801867CA7D002C501E /* icon_retina2.png in Resources */,
				F20AA67F1867D11900E3E31F /* Bead4.png in Resources */,
				F20AA6801867D11900E3E31F /* Plate4.png in Resources */,
			);
			runOnlyForDeploymentPostprocessing = 0;
		};
/* End PBXResourcesBuildPhase section */

/* Begin PBXSourcesBuildPhase section */
		5F987F671864247C00E7918F /* Sources */ = {
			isa = PBXSourcesBuildPhase;
			buildActionMask = 2147483647;
			files = (
				5F987F7B1864247C00E7918F /* main.m in Sources */,
				5F58D7F01867C67D0010232C /* iSorobanViewController.m in Sources */,
				5F58D7F21867C6AD0010232C /* iSorobanAppDelegate.m in Sources */,
			);
			runOnlyForDeploymentPostprocessing = 0;
		};
/* End PBXSourcesBuildPhase section */

/* Begin PBXVariantGroup section */
		5F987F771864247C00E7918F /* InfoPlist.strings */ = {
			isa = PBXVariantGroup;
			children = (
				5F987F781864247C00E7918F /* en */,
			);
			name = InfoPlist.strings;
			sourceTree = "<group>";
		};
		5F987F861864247C00E7918F /* MainStoryboard.storyboard */ = {
			isa = PBXVariantGroup;
			children = (
				5F987F871864247C00E7918F /* en */,
			);
			name = MainStoryboard.storyboard;
			sourceTree = "<group>";
		};
/* End PBXVariantGroup section */

/* Begin XCBuildConfiguration section */
		5F987F8C1864247C00E7918F /* Debug */ = {
			isa = XCBuildConfiguration;
			buildSettings = {
				ALWAYS_SEARCH_USER_PATHS = NO;
				CLANG_CXX_LANGUAGE_STANDARD = "gnu++0x";
				CLANG_CXX_LIBRARY = "libc++";
				CLANG_ENABLE_OBJC_ARC = YES;
				CLANG_WARN_CONSTANT_CONVERSION = YES;
				CLANG_WARN_EMPTY_BODY = YES;
				CLANG_WARN_ENUM_CONVERSION = YES;
				CLANG_WARN_INT_CONVERSION = YES;
				CLANG_WARN__DUPLICATE_METHOD_MATCH = YES;
				"CODE_SIGN_IDENTITY[sdk=iphoneos*]" = "iPhone Developer";
				COPY_PHASE_STRIP = NO;
				GCC_C_LANGUAGE_STANDARD = gnu99;
				GCC_DYNAMIC_NO_PIC = NO;
				GCC_OPTIMIZATION_LEVEL = 0;
				GCC_PREPROCESSOR_DEFINITIONS = (
					"DEBUG=1",
					"$(inherited)",
				);
				GCC_SYMBOLS_PRIVATE_EXTERN = NO;
				GCC_WARN_ABOUT_RETURN_TYPE = YES;
				GCC_WARN_UNINITIALIZED_AUTOS = YES;
				GCC_WARN_UNUSED_VARIABLE = YES;
				IPHONEOS_DEPLOYMENT_TARGET = 6.1;
				ONLY_ACTIVE_ARCH = YES;
				SDKROOT = iphoneos;
				TARGETED_DEVICE_FAMILY = 2;
			};
			name = Debug;
		};
		5F987F8D1864247C00E7918F /* Release */ = {
			isa = XCBuildConfiguration;
			buildSettings = {
				ALWAYS_SEARCH_USER_PATHS = NO;
				CLANG_CXX_LANGUAGE_STANDARD = "gnu++0x";
				CLANG_CXX_LIBRARY = "libc++";
				CLANG_ENABLE_OBJC_ARC = YES;
				CLANG_WARN_CONSTANT_CONVERSION = YES;
				CLANG_WARN_EMPTY_BODY = YES;
				CLANG_WARN_ENUM_CONVERSION = YES;
				CLANG_WARN_INT_CONVERSION = YES;
				CLANG_WARN__DUPLICATE_METHOD_MATCH = YES;
				"CODE_SIGN_IDENTITY[sdk=iphoneos*]" = "iPhone Developer";
				COPY_PHASE_STRIP = YES;
				GCC_C_LANGUAGE_STANDARD = gnu99;
				GCC_WARN_ABOUT_RETURN_TYPE = YES;
				GCC_WARN_UNINITIALIZED_AUTOS = YES;
				GCC_WARN_UNUSED_VARIABLE = YES;
				IPHONEOS_DEPLOYMENT_TARGET = 6.1;
				OTHER_CFLAGS = "-DNS_BLOCK_ASSERTIONS=1";
				SDKROOT = iphoneos;
				TARGETED_DEVICE_FAMILY = 2;
				VALIDATE_PRODUCT = YES;
			};
			name = Release;
		};
		5F987F8F1864247C00E7918F /* Debug */ = {
			isa = XCBuildConfiguration;
			buildSettings = {
				GCC_PRECOMPILE_PREFIX_HEADER = YES;
				GCC_PREFIX_HEADER = "iSoroban/iSoroban-Prefix.pch";
				INFOPLIST_FILE = "iSoroban/iSoroban-Info.plist";
				IPHONEOS_DEPLOYMENT_TARGET = 6.0;
				PRODUCT_NAME = "$(TARGET_NAME)";
				WRAPPER_EXTENSION = app;
			};
			name = Debug;
		};
		5F987F901864247C00E7918F /* Release */ = {
			isa = XCBuildConfiguration;
			buildSettings = {
				GCC_PRECOMPILE_PREFIX_HEADER = YES;
				GCC_PREFIX_HEADER = "iSoroban/iSoroban-Prefix.pch";
				INFOPLIST_FILE = "iSoroban/iSoroban-Info.plist";
				IPHONEOS_DEPLOYMENT_TARGET = 6.0;
				PRODUCT_NAME = "$(TARGET_NAME)";
				WRAPPER_EXTENSION = app;
			};
			name = Release;
		};
/* End XCBuildConfiguration section */

/* Begin XCConfigurationList section */
		5F987F661864247C00E7918F /* Build configuration list for PBXProject "iSoroban" */ = {
			isa = XCConfigurationList;
			buildConfigurations = (
				5F987F8C1864247C00E7918F /* Debug */,
				5F987F8D1864247C00E7918F /* Release */,
			);
			defaultConfigurationIsVisible = 0;
			defaultConfigurationName = Release;
		};
		5F987F8E1864247C00E7918F /* Build configuration list for PBXNativeTarget "iSoroban" */ = {
			isa = XCConfigurationList;
			buildConfigurations = (
				5F987F8F1864247C00E7918F /* Debug */,
				5F987F901864247C00E7918F /* Release */,
			);
			defaultConfigurationIsVisible = 0;
			defaultConfigurationName = Release;
		};
/* End XCConfigurationList section */
	};
	rootObject = 5F987F631864247C00E7918F /* Project object */;
}
